lock_version = 1
manifest_checksum = "50541c070cd4b49791ff1527a8d2ba2e74ee217f23a254951fc0ef8e1ce21da9"

[[package]]
name = "yanxu-web"
version = "0.2.0"
source = "git:https://github.com/yanxulang/yanxu-web.git"
revision = "f5c70e3e3217cfda601087773d19f669aa5e21a7"
checksum = "e3affd726de081376dfad9c391de43c19a2bd87f0f2ca6648474a89557674766"
entry = "src/言序Web.yx"

[[package]]
name = "言据"
version = "1.1.0"
source = "git:https://github.com/yanxulang/yanju.git"
revision = "64276f1bc4d0e0f3f9e5423f907053a532ae1750"
checksum = "15d4418da262dc9d6427425718fdefaeef7008b60e01fe26f9e2ac4451392aa7"
entry = "src/言据.yx"
