lock_version = 1
manifest_checksum = "5136915c0f299ffa8f1686427d1a809809932a1990a91ac331926e0ba4d85f85"

[[package]]
name = "yanxu-html"
version = "0.1.0"
source = "git:https://github.com/yanxulang/yanxu-html.git"
revision = "e55ccb3284f8382b133a29c4a505d2aa3835a828"
checksum = "95b4ed9d20167acff64d0738f48370ad630315d673e8a5314e9be3323addc150"
entry = "src/言序HTML.yx"

[[package]]
name = "yanxu-http"
version = "0.1.0"
source = "git:https://github.com/yanxulang/yanxu-http.git"
revision = "aa0ca6a8443833cf3317be8a1708bff31c6e91d0"
checksum = "78cafbc41bc7fb6302073a27ae6ca0318229da702009dff77b375383a11be122"
entry = "src/言序HTTP.yx"

[[package]]
name = "yanxu-web"
version = "0.1.0"
source = "git:https://github.com/yanxulang/yanxu-web.git"
revision = "58c8080fc662609728c177e46802b31ac60cd32c"
checksum = "e9509c204e1c80207298d409cb3a627e61ba6b488fa4192d2b1799d7634906ca"
entry = "src/言序Web.yx"

[[package]]
name = "言据"
version = "1.1.0"
source = "git:https://github.com/yanxulang/yanju.git"
revision = "64276f1bc4d0e0f3f9e5423f907053a532ae1750"
checksum = "15d4418da262dc9d6427425718fdefaeef7008b60e01fe26f9e2ac4451392aa7"
entry = "src/言据.yx"
