lock_version = 2
manifest_checksum = "7453004594abc8a541b4773d087aa8db3e9c054fff455841837b52c4ceccfd89"
target = "aarch64-apple-darwin"
generator = "1.1.6"

[root_dependencies]
yanxu-web = "yanxu-web@0.2.1#30be1b212f39-20d760d93851f546"
"言据" = "言据@1.1.2#9f376cc5bbdb-224c315783494338"

[root_dev_dependencies]

[[package]]
id = "yanxu-html@0.1.1#99332c12d990-e7ea8cdb947fd83e"
name = "yanxu-html"
version = "0.1.1"
source = "git:https://github.com/yanxulang/yanxu-html.git"
revision = "83a505d543760914d08a204d5ec9248b47a0e042"
checksum = "e7ea8cdb947fd83e907ebd6c9ba21917deab3a029537226f8deeb852a9b7c2f9"
entry = "src/言序HTML.yx"
target = "aarch64-apple-darwin"
minimum_yanxu = ">=1.1.5"

[package.dependencies]

[package.exports]
"默认" = "src/言序HTML.yx"

[[package]]
id = "yanxu-http@0.1.1#17696d671b00-bc61685c0ab03271"
name = "yanxu-http"
version = "0.1.1"
source = "git:https://github.com/yanxulang/yanxu-http.git"
revision = "290f634fcc94dd036a4f2644a87bd5b428689a1d"
checksum = "bc61685c0ab032718ee7d924fe39d55d7c8ee58498be6110934667d3a5e2b4b1"
entry = "src/言序HTTP.yx"
target = "aarch64-apple-darwin"
minimum_yanxu = ">=1.1.5"

[package.dependencies]

[package.exports]
"默认" = "src/言序HTTP.yx"

[[package]]
id = "yanxu-web@0.2.1#30be1b212f39-20d760d93851f546"
name = "yanxu-web"
version = "0.2.1"
source = "git:https://github.com/yanxulang/yanxu-web.git"
revision = "c395d76be2ce54323f434bac19cc12828ea2a60c"
checksum = "20d760d93851f546811ab5f3eb805e14ae28fa601187522f0d701c698463ffa2"
entry = "src/言序Web.yx"
target = "aarch64-apple-darwin"
minimum_yanxu = ">=1.1.5"

[package.dependencies]
yanxu-html = "yanxu-html@0.1.1#99332c12d990-e7ea8cdb947fd83e"
yanxu-http = "yanxu-http@0.1.1#17696d671b00-bc61685c0ab03271"

[package.exports]
"言标" = "src/言标.yx"
"默认" = "src/言序Web.yx"

[[package]]
id = "言据@1.1.2#9f376cc5bbdb-224c315783494338"
name = "言据"
version = "1.1.2"
source = "git:https://github.com/yanxulang/yanju.git"
revision = "cd32c4a77fbf636d5aba3578a81ce27508539545"
checksum = "224c31578349433870be11aa599edd1072b9651e0d659819f4ab9a971064a5c0"
entry = "src/言据.yx"
target = "aarch64-apple-darwin"
minimum_yanxu = ">=1.1.6"

[package.dependencies]

[package.exports]
"默认" = "src/言据.yx"
